// !$*UTF8*$!
{
	archiveVersion = 1;
	classes = {
	};
	objectVersion = 56;
	objects = {

/* Begin PBXBuildFile section */
		B5413AE72942D0CD00B04EEA /* AppDelegate.m in Sources */ = {isa = PBXBuildFile; fileRef = B5413AE62942D0CD00B04EEA /* AppDelegate.m */; };
		B5413AF22942D0CE00B04EEA /* Assets.xcassets in Resources */ = {isa = PBXBuildFile; fileRef = B5413AF12942D0CE00B04EEA /* Assets.xcassets */; };
		B5413AF82942D0CE00B04EEA /* main.m in Sources */ = {isa = PBXBuildFile; fileRef = B5413AF72942D0CE00B04EEA /* main.m */; };
		B5413AFF2942D0E500B04EEA /* readme.md in Resources */ = {isa = PBXBuildFile; fileRef = B5413AFE2942D0E500B04EEA /* readme.md */; };
		B5413B082946B5E200B04EEA /* ItemsViewController.m in Sources */ = {isa = PBXBuildFile; fileRef = B5413B062946B5E200B04EEA /* ItemsViewController.m */; };
		B5413B092946B5E200B04EEA /* ItemsViewController.xib in Resources */ = {isa = PBXBuildFile; fileRef = B5413B072946B5E200B04EEA /* ItemsViewController.xib */; };
		B5413B0C2946B92A00B04EEA /* BNRItem.m in Sources */ = {isa = PBXBuildFile; fileRef = B5413B0B2946B92A00B04EEA /* BNRItem.m */; };
		B5413B0F2946BB5700B04EEA /* ItemStore.m in Sources */ = {isa = PBXBuildFile; fileRef = B5413B0E2946BB5700B04EEA /* ItemStore.m */; };
		B5413B112946DF3C00B04EEA /* HeaderView.xib in Resources */ = {isa = PBXBuildFile; fileRef = B5413B102946DF3C00B04EEA /* HeaderView.xib */; };
		B5413B152946F51200B04EEA /* DetailViewController.m in Sources */ = {isa = PBXBuildFile; fileRef = B5413B132946F51200B04EEA /* DetailViewController.m */; };
		B5413B162946F51200B04EEA /* DetailViewController.xib in Resources */ = {isa = PBXBuildFile; fileRef = B5413B142946F51200B04EEA /* DetailViewController.xib */; };
		B5413B192947107900B04EEA /* imageStore.m in Sources */ = {isa = PBXBuildFile; fileRef = B5413B182947107900B04EEA /* imageStore.m */; };
/* End PBXBuildFile section */

/* Begin PBXFileReference section */
		B5413AE22942D0CD00B04EEA /* Homepwner.app */ = {isa = PBXFileReference; explicitFileType = wrapper.application; includeInIndex = 0; path = Homepwner.app; sourceTree = BUILT_PRODUCTS_DIR; };
		B5413AE52942D0CD00B04EEA /* AppDelegate.h */ = {isa = PBXFileReference; lastKnownFileType = sourcecode.c.h; path = AppDelegate.h; sourceTree = "<group>"; };
		B5413AE62942D0CD00B04EEA /* AppDelegate.m */ = {isa = PBXFileReference; lastKnownFileType = sourcecode.c.objc; path = AppDelegate.m; sourceTree = "<group>"; };
		B5413AF12942D0CE00B04EEA /* Assets.xcassets */ = {isa = PBXFileReference; lastKnownFileType = folder.assetcatalog; path = Assets.xcassets; sourceTree = "<group>"; };
		B5413AF62942D0CE00B04EEA /* Info.plist */ = {isa = PBXFileReference; lastKnownFileType = text.plist.xml; path = Info.plist; sourceTree = "<group>"; };
		B5413AF72942D0CE00B04EEA /* main.m */ = {isa = PBXFileReference; lastKnownFileType = sourcecode.c.objc; path = main.m; sourceTree = "<group>"; };
		B5413AFE2942D0E500B04EEA /* readme.md */ = {isa = PBXFileReference; lastKnownFileType = net.daringfireball.markdown; path = readme.md; sourceTree = "<group>"; };
		B5413B052946B5E200B04EEA /* ItemsViewController.h */ = {isa = PBXFileReference; lastKnownFileType = sourcecode.c.h; path = ItemsViewController.h; sourceTree = "<group>"; };
		B5413B062946B5E200B04EEA /* ItemsViewController.m */ = {isa = PBXFileReference; lastKnownFileType = sourcecode.c.objc; path = ItemsViewController.m; sourceTree = "<group>"; };
		B5413B072946B5E200B04EEA /* ItemsViewController.xib */ = {isa = PBXFileReference; lastKnownFileType = file.xib; path = ItemsViewController.xib; sourceTree = "<group>"; };
		B5413B0A2946B92A00B04EEA /* BNRItem.h */ = {isa = PBXFileReference; fileEncoding = 4; lastKnownFileType = sourcecode.c.h; name = BNRItem.h; path = ../../../chapter2/RandomItems/RandomItems/BNRItem.h; sourceTree = "<group>"; };
		B5413B0B2946B92A00B04EEA /* BNRItem.m */ = {isa = PBXFileReference; fileEncoding = 4; lastKnownFileType = sourcecode.c.objc; name = BNRItem.m; path = ../../../chapter2/RandomItems/RandomItems/BNRItem.m; sourceTree = "<group>"; };
		B5413B0D2946BB5700B04EEA /* ItemStore.h */ = {isa = PBXFileReference; lastKnownFileType = sourcecode.c.h; path = ItemStore.h; sourceTree = "<group>"; };
		B5413B0E2946BB5700B04EEA /* ItemStore.m */ = {isa = PBXFileReference; lastKnownFileType = sourcecode.c.objc; path = ItemStore.m; sourceTree = "<group>"; };
		B5413B102946DF3C00B04EEA /* HeaderView.xib */ = {isa = PBXFileReference; lastKnownFileType = file.xib; path = HeaderView.xib; sourceTree = "<group>"; };
		B5413B122946F51200B04EEA /* DetailViewController.h */ = {isa = PBXFileReference; lastKnownFileType = sourcecode.c.h; path = DetailViewController.h; sourceTree = "<group>"; };
		B5413B132946F51200B04EEA /* DetailViewController.m */ = {isa = PBXFileReference; lastKnownFileType = sourcecode.c.objc; path = DetailViewController.m; sourceTree = "<group>"; };
		B5413B142946F51200B04EEA /* DetailViewController.xib */ = {isa = PBXFileReference; lastKnownFileType = file.xib; path = DetailViewController.xib; sourceTree = "<group>"; };
		B5413B172947107900B04EEA /* imageStore.h */ = {isa = PBXFileReference; lastKnownFileType = sourcecode.c.h; path = imageStore.h; sourceTree = "<group>"; };
		B5413B182947107900B04EEA /* imageStore.m */ = {isa = PBXFileReference; lastKnownFileType = sourcecode.c.objc; path = imageStore.m; sourceTree = "<group>"; };
/* End PBXFileReference section */

/* Begin PBXFrameworksBuildPhase section */
		B5413ADF2942D0CD00B04EEA /* Frameworks */ = {
			isa = PBXFrameworksBuildPhase;
			buildActionMask = 2147483647;
			files = (
			);
			runOnlyForDeploymentPostprocessing = 0;
		};
/* End PBXFrameworksBuildPhase section */

/* Begin PBXGroup section */
		B5413AD92942D0CD00B04EEA = {
			isa = PBXGroup;
			children = (
				B5413AFE2942D0E500B04EEA /* readme.md */,
				B5413AE42942D0CD00B04EEA /* Homepwner */,
				B5413AE32942D0CD00B04EEA /* Products */,
			);
			sourceTree = "<group>";
		};
		B5413AE32942D0CD00B04EEA /* Products */ = {
			isa = PBXGroup;
			children = (
				B5413AE22942D0CD00B04EEA /* Homepwner.app */,
			);
			name = Products;
			sourceTree = "<group>";
		};
		B5413AE42942D0CD00B04EEA /* Homepwner */ = {
			isa = PBXGroup;
			children = (
				B5413AE52942D0CD00B04EEA /* AppDelegate.h */,
				B5413AE62942D0CD00B04EEA /* AppDelegate.m */,
				B5413AF12942D0CE00B04EEA /* Assets.xcassets */,
				B5413AF62942D0CE00B04EEA /* Info.plist */,
				B5413AF72942D0CE00B04EEA /* main.m */,
				B5413B052946B5E200B04EEA /* ItemsViewController.h */,
				B5413B062946B5E200B04EEA /* ItemsViewController.m */,
				B5413B072946B5E200B04EEA /* ItemsViewController.xib */,
				B5413B0A2946B92A00B04EEA /* BNRItem.h */,
				B5413B0B2946B92A00B04EEA /* BNRItem.m */,
				B5413B0D2946BB5700B04EEA /* ItemStore.h */,
				B5413B0E2946BB5700B04EEA /* ItemStore.m */,
				B5413B172947107900B04EEA /* imageStore.h */,
				B5413B182947107900B04EEA /* imageStore.m */,
				B5413B102946DF3C00B04EEA /* HeaderView.xib */,
				B5413B122946F51200B04EEA /* DetailViewController.h */,
				B5413B132946F51200B04EEA /* DetailViewController.m */,
				B5413B142946F51200B04EEA /* DetailViewController.xib */,
			);
			path = Homepwner;
			sourceTree = "<group>";
		};
/* End PBXGroup section */

/* Begin PBXNativeTarget section */
		B5413AE12942D0CD00B04EEA /* Homepwner */ = {
			isa = PBXNativeTarget;
			buildConfigurationList = B5413AFB2942D0CE00B04EEA /* Build configuration list for PBXNativeTarget "Homepwner" */;
			buildPhases = (
				B5413ADE2942D0CD00B04EEA /* Sources */,
				B5413ADF2942D0CD00B04EEA /* Frameworks */,
				B5413AE02942D0CD00B04EEA /* Resources */,
			);
			buildRules = (
			);
			dependencies = (
			);
			name = Homepwner;
			productName = Homepwner;
			productReference = B5413AE22942D0CD00B04EEA /* Homepwner.app */;
			productType = "com.apple.product-type.application";
		};
/* End PBXNativeTarget section */

/* Begin PBXProject section */
		B5413ADA2942D0CD00B04EEA /* Project object */ = {
			isa = PBXProject;
			attributes = {
				BuildIndependentTargetsInParallel = 1;
				LastUpgradeCheck = 1410;
				TargetAttributes = {
					B5413AE12942D0CD00B04EEA = {
						CreatedOnToolsVersion = 14.1;
					};
				};
			};
			buildConfigurationList = B5413ADD2942D0CD00B04EEA /* Build configuration list for PBXProject "Homepwner" */;
			compatibilityVersion = "Xcode 14.0";
			developmentRegion = en;
			hasScannedForEncodings = 0;
			knownRegions = (
				en,
				Base,
			);
			mainGroup = B5413AD92942D0CD00B04EEA;
			productRefGroup = B5413AE32942D0CD00B04EEA /* Products */;
			projectDirPath = "";
			projectRoot = "";
			targets = (
				B5413AE12942D0CD00B04EEA /* Homepwner */,
			);
		};
/* End PBXProject section */

/* Begin PBXResourcesBuildPhase section */
		B5413AE02942D0CD00B04EEA /* Resources */ = {
			isa = PBXResourcesBuildPhase;
			buildActionMask = 2147483647;
			files = (
				B5413AF22942D0CE00B04EEA /* Assets.xcassets in Resources */,
				B5413B092946B5E200B04EEA /* ItemsViewController.xib in Resources */,
				B5413B162946F51200B04EEA /* DetailViewController.xib in Resources */,
				B5413AFF2942D0E500B04EEA /* readme.md in Resources */,
				B5413B112946DF3C00B04EEA /* HeaderView.xib in Resources */,
			);
			runOnlyForDeploymentPostprocessing = 0;
		};
/* End PBXResourcesBuildPhase section */

/* Begin PBXSourcesBuildPhase section */
		B5413ADE2942D0CD00B04EEA /* Sources */ = {
			isa = PBXSourcesBuildPhase;
			buildActionMask = 2147483647;
			files = (
				B5413B082946B5E200B04EEA /* ItemsViewController.m in Sources */,
				B5413B0C2946B92A00B04EEA /* BNRItem.m in Sources */,
				B5413AE72942D0CD00B04EEA /* AppDelegate.m in Sources */,
				B5413B192947107900B04EEA /* imageStore.m in Sources */,
				B5413AF82942D0CE00B04EEA /* main.m in Sources */,
				B5413B0F2946BB5700B04EEA /* ItemStore.m in Sources */,
				B5413B152946F51200B04EEA /* DetailViewController.m in Sources */,
			);
			runOnlyForDeploymentPostprocessing = 0;
		};
/* End PBXSourcesBuildPhase section */

/* Begin XCBuildConfiguration section */
		B5413AF92942D0CE00B04EEA /* Debug */ = {
			isa = XCBuildConfiguration;
			buildSettings = {
				ALWAYS_SEARCH_USER_PATHS = NO;
				CLANG_ANALYZER_NONNULL = YES;
				CLANG_ANALYZER_NUMBER_OBJECT_CONVERSION = YES_AGGRESSIVE;
				CLANG_CXX_LANGUAGE_STANDARD = "gnu++20";
				CLANG_ENABLE_MODULES = YES;
				CLANG_ENABLE_OBJC_ARC = YES;
				CLANG_ENABLE_OBJC_WEAK = YES;
				CLANG_WARN_BLOCK_CAPTURE_AUTORELEASING = YES;
				CLANG_WARN_BOOL_CONVERSION = YES;
				CLANG_WARN_COMMA = YES;
				CLANG_WARN_CONSTANT_CONVERSION = YES;
				CLANG_WARN_DEPRECATED_OBJC_IMPLEMENTATIONS = YES;
				CLANG_WARN_DIRECT_OBJC_ISA_USAGE = YES_ERROR;
				CLANG_WARN_DOCUMENTATION_COMMENTS = YES;
				CLANG_WARN_EMPTY_BODY = YES;
				CLANG_WARN_ENUM_CONVERSION = YES;
				CLANG_WARN_INFINITE_RECURSION = YES;
				CLANG_WARN_INT_CONVERSION = YES;
				CLANG_WARN_NON_LITERAL_NULL_CONVERSION = YES;
				CLANG_WARN_OBJC_IMPLICIT_RETAIN_SELF = YES;
				CLANG_WARN_OBJC_LITERAL_CONVERSION = YES;
				CLANG_WARN_OBJC_ROOT_CLASS = YES_ERROR;
				CLANG_WARN_QUOTED_INCLUDE_IN_FRAMEWORK_HEADER = YES;
				CLANG_WARN_RANGE_LOOP_ANALYSIS = YES;
				CLANG_WARN_STRICT_PROTOTYPES = YES;
				CLANG_WARN_SUSPICIOUS_MOVE = YES;
				CLANG_WARN_UNGUARDED_AVAILABILITY = YES_AGGRESSIVE;
				CLANG_WARN_UNREACHABLE_CODE = YES;
				CLANG_WARN__DUPLICATE_METHOD_MATCH = YES;
				COPY_PHASE_STRIP = NO;
				DEBUG_INFORMATION_FORMAT = dwarf;
				ENABLE_STRICT_OBJC_MSGSEND = YES;
				ENABLE_TESTABILITY = YES;
				GCC_C_LANGUAGE_STANDARD = gnu11;
				GCC_DYNAMIC_NO_PIC = NO;
				GCC_NO_COMMON_BLOCKS = YES;
				GCC_OPTIMIZATION_LEVEL = 0;
				GCC_PREPROCESSOR_DEFINITIONS = (
					"DEBUG=1",
					"$(inherited)",
				);
				GCC_WARN_64_TO_32_BIT_CONVERSION = YES;
				GCC_WARN_ABOUT_RETURN_TYPE = YES_ERROR;
				GCC_WARN_UNDECLARED_SELECTOR = YES;
				GCC_WARN_UNINITIALIZED_AUTOS = YES_AGGRESSIVE;
				GCC_WARN_UNUSED_FUNCTION = YES;
				GCC_WARN_UNUSED_VARIABLE = YES;
				IPHONEOS_DEPLOYMENT_TARGET = 16.1;
				MTL_ENABLE_DEBUG_INFO = INCLUDE_SOURCE;
				MTL_FAST_MATH = YES;
				ONLY_ACTIVE_ARCH = YES;
				SDKROOT = iphoneos;
			};
			name = Debug;
		};
		B5413AFA2942D0CE00B04EEA /* Release */ = {
			isa = XCBuildConfiguration;
			buildSettings = {
				ALWAYS_SEARCH_USER_PATHS = NO;
				CLANG_ANALYZER_NONNULL = YES;
				CLANG_ANALYZER_NUMBER_OBJECT_CONVERSION = YES_AGGRESSIVE;
				CLANG_CXX_LANGUAGE_STANDARD = "gnu++20";
				CLANG_ENABLE_MODULES = YES;
				CLANG_ENABLE_OBJC_ARC = YES;
				CLANG_ENABLE_OBJC_WEAK = YES;
				CLANG_WARN_BLOCK_CAPTURE_AUTORELEASING = YES;
				CLANG_WARN_BOOL_CONVERSION = YES;
				CLANG_WARN_COMMA = YES;
				CLANG_WARN_CONSTANT_CONVERSION = YES;
				CLANG_WARN_DEPRECATED_OBJC_IMPLEMENTATIONS = YES;
				CLANG_WARN_DIRECT_OBJC_ISA_USAGE = YES_ERROR;
				CLANG_WARN_DOCUMENTATION_COMMENTS = YES;
				CLANG_WARN_EMPTY_BODY = YES;
				CLANG_WARN_ENUM_CONVERSION = YES;
				CLANG_WARN_INFINITE_RECURSION = YES;
				CLANG_WARN_INT_CONVERSION = YES;
				CLANG_WARN_NON_LITERAL_NULL_CONVERSION = YES;
				CLANG_WARN_OBJC_IMPLICIT_RETAIN_SELF = YES;
				CLANG_WARN_OBJC_LITERAL_CONVERSION = YES;
				CLANG_WARN_OBJC_ROOT_CLASS = YES_ERROR;
				CLANG_WARN_QUOTED_INCLUDE_IN_FRAMEWORK_HEADER = YES;
				CLANG_WARN_RANGE_LOOP_ANALYSIS = YES;
				CLANG_WARN_STRICT_PROTOTYPES = YES;
				CLANG_WARN_SUSPICIOUS_MOVE = YES;
				CLANG_WARN_UNGUARDED_AVAILABILITY = YES_AGGRESSIVE;
				CLANG_WARN_UNREACHABLE_CODE = YES;
				CLANG_WARN__DUPLICATE_METHOD_MATCH = YES;
				COPY_PHASE_STRIP = NO;
				DEBUG_INFORMATION_FORMAT = "dwarf-with-dsym";
				ENABLE_NS_ASSERTIONS = NO;
				ENABLE_STRICT_OBJC_MSGSEND = YES;
				GCC_C_LANGUAGE_STANDARD = gnu11;
				GCC_NO_COMMON_BLOCKS = YES;
				GCC_WARN_64_TO_32_BIT_CONVERSION = YES;
				GCC_WARN_ABOUT_RETURN_TYPE = YES_ERROR;
				GCC_WARN_UNDECLARED_SELECTOR = YES;
				GCC_WARN_UNINITIALIZED_AUTOS = YES_AGGRESSIVE;
				GCC_WARN_UNUSED_FUNCTION = YES;
				GCC_WARN_UNUSED_VARIABLE = YES;
				IPHONEOS_DEPLOYMENT_TARGET = 16.1;
				MTL_ENABLE_DEBUG_INFO = NO;
				MTL_FAST_MATH = YES;
				SDKROOT = iphoneos;
				VALIDATE_PRODUCT = YES;
			};
			name = Release;
		};
		B5413AFC2942D0CE00B04EEA /* Debug */ = {
			isa = XCBuildConfiguration;
			buildSettings = {
				ASSETCATALOG_COMPILER_APPICON_NAME = AppIcon;
				ASSETCATALOG_COMPILER_GLOBAL_ACCENT_COLOR_NAME = AccentColor;
				CODE_SIGN_STYLE = Automatic;
				CURRENT_PROJECT_VERSION = 1;
				DEVELOPMENT_TEAM = 4ZQNAJ7LSF;
				GENERATE_INFOPLIST_FILE = YES;
				INFOPLIST_FILE = Homepwner/Info.plist;
				INFOPLIST_KEY_UIApplicationSupportsIndirectInputEvents = YES;
				INFOPLIST_KEY_UILaunchStoryboardName = LaunchScreen;
				INFOPLIST_KEY_UISupportedInterfaceOrientations_iPad = "UIInterfaceOrientationPortrait UIInterfaceOrientationPortraitUpsideDown UIInterfaceOrientationLandscapeLeft UIInterfaceOrientationLandscapeRight";
				INFOPLIST_KEY_UISupportedInterfaceOrientations_iPhone = "UIInterfaceOrientationPortrait UIInterfaceOrientationLandscapeLeft UIInterfaceOrientationLandscapeRight";
				LD_RUNPATH_SEARCH_PATHS = (
					"$(inherited)",
					"@executable_path/Frameworks",
				);
				MARKETING_VERSION = 1.0;
				PRODUCT_BUNDLE_IDENTIFIER = dh.Homepwner;
				PRODUCT_NAME = "$(TARGET_NAME)";
				SWIFT_EMIT_LOC_STRINGS = YES;
				TARGETED_DEVICE_FAMILY = "1,2";
			};
			name = Debug;
		};
		B5413AFD2942D0CE00B04EEA /* Release */ = {
			isa = XCBuildConfiguration;
			buildSettings = {
				ASSETCATALOG_COMPILER_APPICON_NAME = AppIcon;
				ASSETCATALOG_COMPILER_GLOBAL_ACCENT_COLOR_NAME = AccentColor;
				CODE_SIGN_STYLE = Automatic;
				CURRENT_PROJECT_VERSION = 1;
				DEVELOPMENT_TEAM = 4ZQNAJ7LSF;
				GENERATE_INFOPLIST_FILE = YES;
				INFOPLIST_FILE = Homepwner/Info.plist;
				INFOPLIST_KEY_UIApplicationSupportsIndirectInputEvents = YES;
				INFOPLIST_KEY_UILaunchStoryboardName = LaunchScreen;
				INFOPLIST_KEY_UISupportedInterfaceOrientations_iPad = "UIInterfaceOrientationPortrait UIInterfaceOrientationPortraitUpsideDown UIInterfaceOrientationLandscapeLeft UIInterfaceOrientationLandscapeRight";
				INFOPLIST_KEY_UISupportedInterfaceOrientations_iPhone = "UIInterfaceOrientationPortrait UIInterfaceOrientationLandscapeLeft UIInterfaceOrientationLandscapeRight";
				LD_RUNPATH_SEARCH_PATHS = (
					"$(inherited)",
					"@executable_path/Frameworks",
				);
				MARKETING_VERSION = 1.0;
				PRODUCT_BUNDLE_IDENTIFIER = dh.Homepwner;
				PRODUCT_NAME = "$(TARGET_NAME)";
				SWIFT_EMIT_LOC_STRINGS = YES;
				TARGETED_DEVICE_FAMILY = "1,2";
			};
			name = Release;
		};
/* End XCBuildConfiguration section */

/* Begin XCConfigurationList section */
		B5413ADD2942D0CD00B04EEA /* Build configuration list for PBXProject "Homepwner" */ = {
			isa = XCConfigurationList;
			buildConfigurations = (
				B5413AF92942D0CE00B04EEA /* Debug */,
				B5413AFA2942D0CE00B04EEA /* Release */,
			);
			defaultConfigurationIsVisible = 0;
			defaultConfigurationName = Release;
		};
		B5413AFB2942D0CE00B04EEA /* Build configuration list for PBXNativeTarget "Homepwner" */ = {
			isa = XCConfigurationList;
			buildConfigurations = (
				B5413AFC2942D0CE00B04EEA /* Debug */,
				B5413AFD2942D0CE00B04EEA /* Release */,
			);
			defaultConfigurationIsVisible = 0;
			defaultConfigurationName = Release;
		};
/* End XCConfigurationList section */
	};
	rootObject = B5413ADA2942D0CD00B04EEA /* Project object */;
}
